// !$*UTF8*$!
{
	archiveVersion = 1;
	classes = {
	};
	objectVersion = 51;
	objects = {

/* Begin PBXBuildFile section */
		00A494384151EFEBDB4AABDE /* CoreTelephony.framework in Frameworks */ = {isa = PBXBuildFile; fileRef = BE70C616301D7B89F413FADF /* CoreTelephony.framework */; };
		12CCFE9864C57DC8D0CD3D82 /* SystemConfiguration.framework in Frameworks */ = {isa = PBXBuildFile; fileRef = 68EC504B525AE8AB137B9612 /* SystemConfiguration.framework */; };
		18146038DBBF902691107C7D /* MPLauncherAppDelegate.m in Sources */ = {isa = PBXBuildFile; fileRef = CF7E85B22DC9C2E3C71CC006 /* MPLauncherAppDelegate.m */; };
		2F281670BBF9E669FBFC8F76 /* MPaaSInterface+TestDemo.m in Sources */ = {isa = PBXBuildFile; fileRef = 67FD8828190E401EB5EC2A39 /* MPaaSInterface+TestDemo.m */; };
		3F2018D0B91663E9FD85A57A /* DTFrameworkInterface+TestDemo.m in Sources */ = {isa = PBXBuildFile; fileRef = C151B1E5D390D878C2F3C6BA /* DTFrameworkInterface+TestDemo.m */; };
		4387A6654DC1FDD4569E1980 /* MessageUI.framework in Frameworks */ = {isa = PBXBuildFile; fileRef = 30D11E012AF5F51BAB744B29 /* MessageUI.framework */; };
		490B546C701379993AF96BF0 /* MobileRuntime.plist in Resources */ = {isa = PBXBuildFile; fileRef = 0D398802AC6BD699576EE38A /* MobileRuntime.plist */; };
		60585EF22733C3AB00AECFEC /* AppDelegate.m in Sources */ = {isa = PBXBuildFile; fileRef = 60585EF12733C3AB00AECFEC /* AppDelegate.m */; };
		60585EF82733C3AB00AECFEC /* ViewController.m in Sources */ = {isa = PBXBuildFile; fileRef = 60585EF72733C3AB00AECFEC /* ViewController.m */; };
		60585EFB2733C3AB00AECFEC /* Main.storyboard in Resources */ = {isa = PBXBuildFile; fileRef = 60585EF92733C3AB00AECFEC /* Main.storyboard */; };
		60585EFD2733C3B300AECFEC /* Assets.xcassets in Resources */ = {isa = PBXBuildFile; fileRef = 60585EFC2733C3B300AECFEC /* Assets.xcassets */; };
		60585F002733C3B300AECFEC /* LaunchScreen.storyboard in Resources */ = {isa = PBXBuildFile; fileRef = 60585EFE2733C3B300AECFEC /* LaunchScreen.storyboard */; };
		60585F032733C3B300AECFEC /* main.m in Sources */ = {isa = PBXBuildFile; fileRef = 60585F022733C3B300AECFEC /* main.m */; };
		7B1EAD2FE98A8EC7B9D58D04 /* MPTabBarController.m in Sources */ = {isa = PBXBuildFile; fileRef = FA01D378D52B6ADAF6FF7F35 /* MPTabBarController.m */; };
		8DD8FDA96D8C867DCEEA020A /* Pods_TestDemo.framework in Frameworks */ = {isa = PBXBuildFile; fileRef = B399C3BC4A35D7AF3EAE37D9 /* Pods_TestDemo.framework */; };
		EC32A1B6606D0A821B75A8E1 /* yw_1222.jpg in Resources */ = {isa = PBXBuildFile; fileRef = 19948DA9649A23E7909CA453 /* yw_1222.jpg */; };
		F135316E5CC99D6FC4DA9660 /* Images_mPaaS.xcassets in Resources */ = {isa = PBXBuildFile; fileRef = EF2B9023861AF978AD79E50C /* Images_mPaaS.xcassets */; };
		F24015080F24B224545DFD9E /* meta.config in Resources */ = {isa = PBXBuildFile; fileRef = 32BB64E9740F4318A6E11B66 /* meta.config */; };
		FCF6712F2F5AE887799C0175 /* DemoViewController.m in Sources */ = {isa = PBXBuildFile; fileRef = 7CE3247C7D37E28805F087F6 /* DemoViewController.m */; };
/* End PBXBuildFile section */

/* Begin PBXContainerItemProxy section */
		60585F092733C3B400AECFEC /* PBXContainerItemProxy */ = {
			isa = PBXContainerItemProxy;
			containerPortal = 60585EE52733C3AB00AECFEC /* Project object */;
			proxyType = 1;
			remoteGlobalIDString = 60585EEC2733C3AB00AECFEC;
			remoteInfo = TestDemo;
		};
		60585F142733C3B400AECFEC /* PBXContainerItemProxy */ = {
			isa = PBXContainerItemProxy;
			containerPortal = 60585EE52733C3AB00AECFEC /* Project object */;
			proxyType = 1;
			remoteGlobalIDString = 60585EEC2733C3AB00AECFEC;
			remoteInfo = TestDemo;
		};
/* End PBXContainerItemProxy section */

/* Begin PBXFileReference section */
		024EBDB155776388F73663F0 /* MPaaSInterface+TestDemo.h */ = {isa = PBXFileReference; includeInIndex = 1; lastKnownFileType = sourcecode.c.h; path = "MPaaSInterface+TestDemo.h"; sourceTree = "<group>"; };
		03B47077384EEF87EEE4E98C /* Pods-TestDemo.release.xcconfig */ = {isa = PBXFileReference; includeInIndex = 1; lastKnownFileType = text.xcconfig; name = "Pods-TestDemo.release.xcconfig"; path = "Target Support Files/Pods-TestDemo/Pods-TestDemo.release.xcconfig"; sourceTree = "<group>"; };
		050A5A1F6882F4F2AAC11AAE /* DTFrameworkInterface+TestDemo.h */ = {isa = PBXFileReference; includeInIndex = 1; lastKnownFileType = sourcecode.c.h; path = "DTFrameworkInterface+TestDemo.h"; sourceTree = "<group>"; };
		0D398802AC6BD699576EE38A /* MobileRuntime.plist */ = {isa = PBXFileReference; includeInIndex = 1; lastKnownFileType = text.plist.xml; path = MobileRuntime.plist; sourceTree = "<group>"; };
		19948DA9649A23E7909CA453 /* yw_1222.jpg */ = {isa = PBXFileReference; includeInIndex = 1; lastKnownFileType = image.jpeg; path = yw_1222.jpg; sourceTree = "<group>"; };
		30D11E012AF5F51BAB744B29 /* MessageUI.framework */ = {isa = PBXFileReference; lastKnownFileType = wrapper.framework; name = MessageUI.framework; path = Platforms/iPhoneOS.platform/Developer/SDKs/iPhoneOS14.0.sdk/System/Library/Frameworks/MessageUI.framework; sourceTree = DEVELOPER_DIR; };
		32BB64E9740F4318A6E11B66 /* meta.config */ = {isa = PBXFileReference; includeInIndex = 1; lastKnownFileType = text; path = meta.config; sourceTree = "<group>"; };
		4F0BB92387822E7F051CE293 /* DemoViewController.h */ = {isa = PBXFileReference; includeInIndex = 1; lastKnownFileType = sourcecode.c.h; path = DemoViewController.h; sourceTree = "<group>"; };
		50F506A145742678017762AF /* TestDemo-Prefix.pch */ = {isa = PBXFileReference; includeInIndex = 1; lastKnownFileType = sourcecode.c.h; name = "TestDemo-Prefix.pch"; path = "../../../TestDemo/TestDemo-Prefix.pch"; sourceTree = "<group>"; };
		537C5A4DEEB071250D81EF32 /* MPTabBarController.h */ = {isa = PBXFileReference; includeInIndex = 1; lastKnownFileType = sourcecode.c.h; path = MPTabBarController.h; sourceTree = "<group>"; };
		56E1958DA749D2279086F816 /* Pods-TestDemo.debug.xcconfig */ = {isa = PBXFileReference; includeInIndex = 1; lastKnownFileType = text.xcconfig; name = "Pods-TestDemo.debug.xcconfig"; path = "Target Support Files/Pods-TestDemo/Pods-TestDemo.debug.xcconfig"; sourceTree = "<group>"; };
		60585EED2733C3AB00AECFEC /* TestDemo.app */ = {isa = PBXFileReference; explicitFileType = wrapper.application; includeInIndex = 0; path = TestDemo.app; sourceTree = BUILT_PRODUCTS_DIR; };
		60585EF02733C3AB00AECFEC /* AppDelegate.h */ = {isa = PBXFileReference; lastKnownFileType = sourcecode.c.h; path = AppDelegate.h; sourceTree = "<group>"; };
		60585EF12733C3AB00AECFEC /* AppDelegate.m */ = {isa = PBXFileReference; lastKnownFileType = sourcecode.c.objc; path = AppDelegate.m; sourceTree = "<group>"; };
		60585EF62733C3AB00AECFEC /* ViewController.h */ = {isa = PBXFileReference; lastKnownFileType = sourcecode.c.h; path = ViewController.h; sourceTree = "<group>"; };
		60585EF72733C3AB00AECFEC /* ViewController.m */ = {isa = PBXFileReference; lastKnownFileType = sourcecode.c.objc; path = ViewController.m; sourceTree = "<group>"; };
		60585EFA2733C3AB00AECFEC /* Base */ = {isa = PBXFileReference; lastKnownFileType = file.storyboard; name = Base; path = Base.lproj/Main.storyboard; sourceTree = "<group>"; };
		60585EFC2733C3B300AECFEC /* Assets.xcassets */ = {isa = PBXFileReference; lastKnownFileType = folder.assetcatalog; path = Assets.xcassets; sourceTree = "<group>"; };
		60585EFF2733C3B300AECFEC /* Base */ = {isa = PBXFileReference; lastKnownFileType = file.storyboard; name = Base; path = Base.lproj/LaunchScreen.storyboard; sourceTree = "<group>"; };
		60585F012733C3B300AECFEC /* Info.plist */ = {isa = PBXFileReference; lastKnownFileType = text.plist.xml; path = Info.plist; sourceTree = "<group>"; };
		60585F022733C3B300AECFEC /* main.m */ = {isa = PBXFileReference; lastKnownFileType = sourcecode.c.objc; path = main.m; sourceTree = "<group>"; };
		60585F082733C3B400AECFEC /* TestDemoTests.xctest */ = {isa = PBXFileReference; explicitFileType = wrapper.cfbundle; includeInIndex = 0; path = TestDemoTests.xctest; sourceTree = BUILT_PRODUCTS_DIR; };
		60585F132733C3B400AECFEC /* TestDemoUITests.xctest */ = {isa = PBXFileReference; explicitFileType = wrapper.cfbundle; includeInIndex = 0; path = TestDemoUITests.xctest; sourceTree = BUILT_PRODUCTS_DIR; };
		67FD8828190E401EB5EC2A39 /* MPaaSInterface+TestDemo.m */ = {isa = PBXFileReference; includeInIndex = 1; lastKnownFileType = sourcecode.c.objc; path = "MPaaSInterface+TestDemo.m"; sourceTree = "<group>"; };
		68EC504B525AE8AB137B9612 /* SystemConfiguration.framework */ = {isa = PBXFileReference; lastKnownFileType = wrapper.framework; name = SystemConfiguration.framework; path = Platforms/iPhoneOS.platform/Developer/SDKs/iPhoneOS14.0.sdk/System/Library/Frameworks/SystemConfiguration.framework; sourceTree = DEVELOPER_DIR; };
		71B13B15623222D8C56CCEFC /* MPLauncherAppDelegate.h */ = {isa = PBXFileReference; includeInIndex = 1; lastKnownFileType = sourcecode.c.h; path = MPLauncherAppDelegate.h; sourceTree = "<group>"; };
		7CE3247C7D37E28805F087F6 /* DemoViewController.m */ = {isa = PBXFileReference; includeInIndex = 1; lastKnownFileType = sourcecode.c.objc; path = DemoViewController.m; sourceTree = "<group>"; };
		B399C3BC4A35D7AF3EAE37D9 /* Pods_TestDemo.framework */ = {isa = PBXFileReference; explicitFileType = wrapper.framework; includeInIndex = 0; path = Pods_TestDemo.framework; sourceTree = BUILT_PRODUCTS_DIR; };
		BE70C616301D7B89F413FADF /* CoreTelephony.framework */ = {isa = PBXFileReference; lastKnownFileType = wrapper.framework; name = CoreTelephony.framework; path = Platforms/iPhoneOS.platform/Developer/SDKs/iPhoneOS14.0.sdk/System/Library/Frameworks/CoreTelephony.framework; sourceTree = DEVELOPER_DIR; };
		C151B1E5D390D878C2F3C6BA /* DTFrameworkInterface+TestDemo.m */ = {isa = PBXFileReference; includeInIndex = 1; lastKnownFileType = sourcecode.c.objc; path = "DTFrameworkInterface+TestDemo.m"; sourceTree = "<group>"; };
		CF7E85B22DC9C2E3C71CC006 /* MPLauncherAppDelegate.m */ = {isa = PBXFileReference; includeInIndex = 1; lastKnownFileType = sourcecode.c.objc; path = MPLauncherAppDelegate.m; sourceTree = "<group>"; };
		EF2B9023861AF978AD79E50C /* Images_mPaaS.xcassets */ = {isa = PBXFileReference; includeInIndex = 1; lastKnownFileType = folder.assetcatalog; path = Images_mPaaS.xcassets; sourceTree = "<group>"; };
		F33669425C2B29FAB91A0B02 /* TestDemo-mPaaS-Headers.h */ = {isa = PBXFileReference; includeInIndex = 1; lastKnownFileType = sourcecode.c.h; path = "TestDemo-mPaaS-Headers.h"; sourceTree = "<group>"; };
		FA01D378D52B6ADAF6FF7F35 /* MPTabBarController.m */ = {isa = PBXFileReference; includeInIndex = 1; lastKnownFileType = sourcecode.c.objc; path = MPTabBarController.m; sourceTree = "<group>"; };
/* End PBXFileReference section */

/* Begin PBXFrameworksBuildPhase section */
		60585EEA2733C3AB00AECFEC /* Frameworks */ = {
			isa = PBXFrameworksBuildPhase;
			buildActionMask = 2147483647;
			files = (
				8DD8FDA96D8C867DCEEA020A /* Pods_TestDemo.framework in Frameworks */,
				00A494384151EFEBDB4AABDE /* CoreTelephony.framework in Frameworks */,
				12CCFE9864C57DC8D0CD3D82 /* SystemConfiguration.framework in Frameworks */,
				4387A6654DC1FDD4569E1980 /* MessageUI.framework in Frameworks */,
			);
			runOnlyForDeploymentPostprocessing = 0;
		};
		60585F052733C3B400AECFEC /* Frameworks */ = {
			isa = PBXFrameworksBuildPhase;
			buildActionMask = 2147483647;
			files = (
			);
			runOnlyForDeploymentPostprocessing = 0;
		};
		60585F102733C3B400AECFEC /* Frameworks */ = {
			isa = PBXFrameworksBuildPhase;
			buildActionMask = 2147483647;
			files = (
			);
			runOnlyForDeploymentPostprocessing = 0;
		};
/* End PBXFrameworksBuildPhase section */

/* Begin PBXGroup section */
		2A8D69F00ECD56E0C6979941 /* Targets */ = {
			isa = PBXGroup;
			children = (
				BCA481214CDEC9FB8B892BD0 /* TestDemo */,
			);
			path = Targets;
			sourceTree = "<group>";
		};
		452318C5A86E06D5F1EE1491 /* APMobileFramework */ = {
			isa = PBXGroup;
			children = (
				050A5A1F6882F4F2AAC11AAE /* DTFrameworkInterface+TestDemo.h */,
				C151B1E5D390D878C2F3C6BA /* DTFrameworkInterface+TestDemo.m */,
				0D398802AC6BD699576EE38A /* MobileRuntime.plist */,
				EF2B9023861AF978AD79E50C /* Images_mPaaS.xcassets */,
				71B13B15623222D8C56CCEFC /* MPLauncherAppDelegate.h */,
				CF7E85B22DC9C2E3C71CC006 /* MPLauncherAppDelegate.m */,
				537C5A4DEEB071250D81EF32 /* MPTabBarController.h */,
				FA01D378D52B6ADAF6FF7F35 /* MPTabBarController.m */,
				4F0BB92387822E7F051CE293 /* DemoViewController.h */,
				7CE3247C7D37E28805F087F6 /* DemoViewController.m */,
			);
			path = APMobileFramework;
			sourceTree = "<group>";
		};
		60585EE42733C3AB00AECFEC = {
			isa = PBXGroup;
			children = (
				60585EEF2733C3AB00AECFEC /* TestDemo */,
				60585EEE2733C3AB00AECFEC /* Products */,
				FAB570459155F338A51A6DF2 /* Pods */,
				D7B449A996D0D82AEB50E3D0 /* Frameworks */,
				732D150417FDCFD89BBF22B6 /* MPaaS */,
			);
			sourceTree = "<group>";
		};
		60585EEE2733C3AB00AECFEC /* Products */ = {
			isa = PBXGroup;
			children = (
				60585EED2733C3AB00AECFEC /* TestDemo.app */,
				60585F082733C3B400AECFEC /* TestDemoTests.xctest */,
				60585F132733C3B400AECFEC /* TestDemoUITests.xctest */,
			);
			name = Products;
			sourceTree = "<group>";
		};
		60585EEF2733C3AB00AECFEC /* TestDemo */ = {
			isa = PBXGroup;
			children = (
				60585EF02733C3AB00AECFEC /* AppDelegate.h */,
				60585EF12733C3AB00AECFEC /* AppDelegate.m */,
				60585EF62733C3AB00AECFEC /* ViewController.h */,
				60585EF72733C3AB00AECFEC /* ViewController.m */,
				60585EF92733C3AB00AECFEC /* Main.storyboard */,
				60585EFC2733C3B300AECFEC /* Assets.xcassets */,
				60585EFE2733C3B300AECFEC /* LaunchScreen.storyboard */,
				60585F012733C3B300AECFEC /* Info.plist */,
				60585F022733C3B300AECFEC /* main.m */,
			);
			path = TestDemo;
			sourceTree = "<group>";
		};
		732D150417FDCFD89BBF22B6 /* MPaaS */ = {
			isa = PBXGroup;
			children = (
				2A8D69F00ECD56E0C6979941 /* Targets */,
			);
			path = MPaaS;
			sourceTree = "<group>";
		};
		984D06AA5E78136D4DDB2E86 /* mPaas */ = {
			isa = PBXGroup;
			children = (
				024EBDB155776388F73663F0 /* MPaaSInterface+TestDemo.h */,
				67FD8828190E401EB5EC2A39 /* MPaaSInterface+TestDemo.m */,
			);
			path = mPaas;
			sourceTree = "<group>";
		};
		BCA481214CDEC9FB8B892BD0 /* TestDemo */ = {
			isa = PBXGroup;
			children = (
				32BB64E9740F4318A6E11B66 /* meta.config */,
				19948DA9649A23E7909CA453 /* yw_1222.jpg */,
				F33669425C2B29FAB91A0B02 /* TestDemo-mPaaS-Headers.h */,
				50F506A145742678017762AF /* TestDemo-Prefix.pch */,
				984D06AA5E78136D4DDB2E86 /* mPaas */,
				452318C5A86E06D5F1EE1491 /* APMobileFramework */,
			);
			path = TestDemo;
			sourceTree = "<group>";
		};
		C4011A94A1EB243AFB38B90B /* iOS */ = {
			isa = PBXGroup;
			children = (
				BE70C616301D7B89F413FADF /* CoreTelephony.framework */,
				68EC504B525AE8AB137B9612 /* SystemConfiguration.framework */,
				30D11E012AF5F51BAB744B29 /* MessageUI.framework */,
			);
			name = iOS;
			sourceTree = "<group>";
		};
		D7B449A996D0D82AEB50E3D0 /* Frameworks */ = {
			isa = PBXGroup;
			children = (
				B399C3BC4A35D7AF3EAE37D9 /* Pods_TestDemo.framework */,
				C4011A94A1EB243AFB38B90B /* iOS */,
			);
			name = Frameworks;
			sourceTree = "<group>";
		};
		FAB570459155F338A51A6DF2 /* Pods */ = {
			isa = PBXGroup;
			children = (
				56E1958DA749D2279086F816 /* Pods-TestDemo.debug.xcconfig */,
				03B47077384EEF87EEE4E98C /* Pods-TestDemo.release.xcconfig */,
			);
			path = Pods;
			sourceTree = "<group>";
		};
/* End PBXGroup section */

/* Begin PBXNativeTarget section */
		60585EEC2733C3AB00AECFEC /* TestDemo */ = {
			isa = PBXNativeTarget;
			buildConfigurationList = 60585F1C2733C3B400AECFEC /* Build configuration list for PBXNativeTarget "TestDemo" */;
			buildPhases = (
				33CA65544505DCDD650C6CF4 /* [CP] Check Pods Manifest.lock */,
				60585EE92733C3AB00AECFEC /* Sources */,
				60585EEA2733C3AB00AECFEC /* Frameworks */,
				60585EEB2733C3AB00AECFEC /* Resources */,
				088A22C64C52839951364417 /* [CP] Copy Pods Resources */,
			);
			buildRules = (
			);
			dependencies = (
			);
			name = TestDemo;
			productName = TestDemo;
			productReference = 60585EED2733C3AB00AECFEC /* TestDemo.app */;
			productType = "com.apple.product-type.application";
		};
		60585F072733C3B400AECFEC /* TestDemoTests */ = {
			isa = PBXNativeTarget;
			buildConfigurationList = 60585F1F2733C3B400AECFEC /* Build configuration list for PBXNativeTarget "TestDemoTests" */;
			buildPhases = (
				60585F042733C3B400AECFEC /* Sources */,
				60585F052733C3B400AECFEC /* Frameworks */,
				60585F062733C3B400AECFEC /* Resources */,
			);
			buildRules = (
			);
			dependencies = (
				60585F0A2733C3B400AECFEC /* PBXTargetDependency */,
			);
			name = TestDemoTests;
			productName = TestDemoTests;
			productReference = 60585F082733C3B400AECFEC /* TestDemoTests.xctest */;
			productType = "com.apple.product-type.bundle.unit-test";
		};
		60585F122733C3B400AECFEC /* TestDemoUITests */ = {
			isa = PBXNativeTarget;
			buildConfigurationList = 60585F222733C3B400AECFEC /* Build configuration list for PBXNativeTarget "TestDemoUITests" */;
			buildPhases = (
				60585F0F2733C3B400AECFEC /* Sources */,
				60585F102733C3B400AECFEC /* Frameworks */,
				60585F112733C3B400AECFEC /* Resources */,
			);
			buildRules = (
			);
			dependencies = (
				60585F152733C3B400AECFEC /* PBXTargetDependency */,
			);
			name = TestDemoUITests;
			productName = TestDemoUITests;
			productReference = 60585F132733C3B400AECFEC /* TestDemoUITests.xctest */;
			productType = "com.apple.product-type.bundle.ui-testing";
		};
/* End PBXNativeTarget section */

/* Begin PBXProject section */
		60585EE52733C3AB00AECFEC /* Project object */ = {
			isa = PBXProject;
			attributes = {
				LastUpgradeCheck = 1250;
				TargetAttributes = {
					60585EEC2733C3AB00AECFEC = {
						CreatedOnToolsVersion = 12.5.1;
					};
					60585F072733C3B400AECFEC = {
						CreatedOnToolsVersion = 12.5.1;
						TestTargetID = 60585EEC2733C3AB00AECFEC;
					};
					60585F122733C3B400AECFEC = {
						CreatedOnToolsVersion = 12.5.1;
						TestTargetID = 60585EEC2733C3AB00AECFEC;
					};
				};
			};
			buildConfigurationList = 60585EE82733C3AB00AECFEC /* Build configuration list for PBXProject "TestDemo" */;
			compatibilityVersion = "Xcode 9.3";
			developmentRegion = en;
			hasScannedForEncodings = 0;
			knownRegions = (
				en,
				Base,
			);
			mainGroup = 60585EE42733C3AB00AECFEC;
			productRefGroup = 60585EEE2733C3AB00AECFEC /* Products */;
			projectDirPath = "";
			projectRoot = "";
			targets = (
				60585EEC2733C3AB00AECFEC /* TestDemo */,
				60585F072733C3B400AECFEC /* TestDemoTests */,
				60585F122733C3B400AECFEC /* TestDemoUITests */,
			);
		};
/* End PBXProject section */

/* Begin PBXResourcesBuildPhase section */
		60585EEB2733C3AB00AECFEC /* Resources */ = {
			isa = PBXResourcesBuildPhase;
			buildActionMask = 2147483647;
			files = (
				60585F002733C3B300AECFEC /* LaunchScreen.storyboard in Resources */,
				60585EFD2733C3B300AECFEC /* Assets.xcassets in Resources */,
				60585EFB2733C3AB00AECFEC /* Main.storyboard in Resources */,
				F24015080F24B224545DFD9E /* meta.config in Resources */,
				EC32A1B6606D0A821B75A8E1 /* yw_1222.jpg in Resources */,
				490B546C701379993AF96BF0 /* MobileRuntime.plist in Resources */,
				F135316E5CC99D6FC4DA9660 /* Images_mPaaS.xcassets in Resources */,
			);
			runOnlyForDeploymentPostprocessing = 0;
		};
		60585F062733C3B400AECFEC /* Resources */ = {
			isa = PBXResourcesBuildPhase;
			buildActionMask = 2147483647;
			files = (
			);
			runOnlyForDeploymentPostprocessing = 0;
		};
		60585F112733C3B400AECFEC /* Resources */ = {
			isa = PBXResourcesBuildPhase;
			buildActionMask = 2147483647;
			files = (
			);
			runOnlyForDeploymentPostprocessing = 0;
		};
/* End PBXResourcesBuildPhase section */

/* Begin PBXShellScriptBuildPhase section */
		088A22C64C52839951364417 /* [CP] Copy Pods Resources */ = {
			isa = PBXShellScriptBuildPhase;
			buildActionMask = 2147483647;
			files = (
			);
			inputFileListPaths = (
				"${PODS_ROOT}/Target Support Files/Pods-TestDemo/Pods-TestDemo-resources-${CONFIGURATION}-input-files.xcfilelist",
			);
			name = "[CP] Copy Pods Resources";
			outputFileListPaths = (
				"${PODS_ROOT}/Target Support Files/Pods-TestDemo/Pods-TestDemo-resources-${CONFIGURATION}-output-files.xcfilelist",
			);
			runOnlyForDeploymentPostprocessing = 0;
			shellPath = /bin/sh;
			shellScript = "\"${PODS_ROOT}/Target Support Files/Pods-TestDemo/Pods-TestDemo-resources.sh\"\n";
			showEnvVarsInLog = 0;
		};
		33CA65544505DCDD650C6CF4 /* [CP] Check Pods Manifest.lock */ = {
			isa = PBXShellScriptBuildPhase;
			buildActionMask = 2147483647;
			files = (
			);
			inputFileListPaths = (
			);
			inputPaths = (
				"${PODS_PODFILE_DIR_PATH}/Podfile.lock",
				"${PODS_ROOT}/Manifest.lock",
			);
			name = "[CP] Check Pods Manifest.lock";
			outputFileListPaths = (
			);
			outputPaths = (
				"$(DERIVED_FILE_DIR)/Pods-TestDemo-checkManifestLockResult.txt",
			);
			runOnlyForDeploymentPostprocessing = 0;
			shellPath = /bin/sh;
			shellScript = "diff \"${PODS_PODFILE_DIR_PATH}/Podfile.lock\" \"${PODS_ROOT}/Manifest.lock\" > /dev/null\nif [ $? != 0 ] ; then\n    # print error to STDERR\n    echo \"error: The sandbox is not in sync with the Podfile.lock. Run 'pod install' or update your CocoaPods installation.\" >&2\n    exit 1\nfi\n# This output is used by Xcode 'outputs' to avoid re-running this script phase.\necho \"SUCCESS\" > \"${SCRIPT_OUTPUT_FILE_0}\"\n";
			showEnvVarsInLog = 0;
		};
/* End PBXShellScriptBuildPhase section */

/* Begin PBXSourcesBuildPhase section */
		60585EE92733C3AB00AECFEC /* Sources */ = {
			isa = PBXSourcesBuildPhase;
			buildActionMask = 2147483647;
			files = (
				60585EF82733C3AB00AECFEC /* ViewController.m in Sources */,
				60585EF22733C3AB00AECFEC /* AppDelegate.m in Sources */,
				60585F032733C3B300AECFEC /* main.m in Sources */,
				2F281670BBF9E669FBFC8F76 /* MPaaSInterface+TestDemo.m in Sources */,
				3F2018D0B91663E9FD85A57A /* DTFrameworkInterface+TestDemo.m in Sources */,
				18146038DBBF902691107C7D /* MPLauncherAppDelegate.m in Sources */,
				7B1EAD2FE98A8EC7B9D58D04 /* MPTabBarController.m in Sources */,
				FCF6712F2F5AE887799C0175 /* DemoViewController.m in Sources */,
			);
			runOnlyForDeploymentPostprocessing = 0;
		};
		60585F042733C3B400AECFEC /* Sources */ = {
			isa = PBXSourcesBuildPhase;
			buildActionMask = 2147483647;
			files = (
			);
			runOnlyForDeploymentPostprocessing = 0;
		};
		60585F0F2733C3B400AECFEC /* Sources */ = {
			isa = PBXSourcesBuildPhase;
			buildActionMask = 2147483647;
			files = (
			);
			runOnlyForDeploymentPostprocessing = 0;
		};
/* End PBXSourcesBuildPhase section */

/* Begin PBXTargetDependency section */
		60585F0A2733C3B400AECFEC /* PBXTargetDependency */ = {
			isa = PBXTargetDependency;
			target = 60585EEC2733C3AB00AECFEC /* TestDemo */;
			targetProxy = 60585F092733C3B400AECFEC /* PBXContainerItemProxy */;
		};
		60585F152733C3B400AECFEC /* PBXTargetDependency */ = {
			isa = PBXTargetDependency;
			target = 60585EEC2733C3AB00AECFEC /* TestDemo */;
			targetProxy = 60585F142733C3B400AECFEC /* PBXContainerItemProxy */;
		};
/* End PBXTargetDependency section */

/* Begin PBXVariantGroup section */
		60585EF92733C3AB00AECFEC /* Main.storyboard */ = {
			isa = PBXVariantGroup;
			children = (
				60585EFA2733C3AB00AECFEC /* Base */,
			);
			name = Main.storyboard;
			sourceTree = "<group>";
		};
		60585EFE2733C3B300AECFEC /* LaunchScreen.storyboard */ = {
			isa = PBXVariantGroup;
			children = (
				60585EFF2733C3B300AECFEC /* Base */,
			);
			name = LaunchScreen.storyboard;
			sourceTree = "<group>";
		};
/* End PBXVariantGroup section */

/* Begin XCBuildConfiguration section */
		60585F1A2733C3B400AECFEC /* Debug */ = {
			isa = XCBuildConfiguration;
			buildSettings = {
				ALWAYS_SEARCH_USER_PATHS = NO;
				CLANG_ANALYZER_NONNULL = YES;
				CLANG_ANALYZER_NUMBER_OBJECT_CONVERSION = YES_AGGRESSIVE;
				CLANG_CXX_LANGUAGE_STANDARD = "gnu++14";
				CLANG_CXX_LIBRARY = "libc++";
				CLANG_ENABLE_MODULES = YES;
				CLANG_ENABLE_OBJC_ARC = YES;
				CLANG_ENABLE_OBJC_WEAK = YES;
				CLANG_WARN_BLOCK_CAPTURE_AUTORELEASING = YES;
				CLANG_WARN_BOOL_CONVERSION = YES;
				CLANG_WARN_COMMA = YES;
				CLANG_WARN_CONSTANT_CONVERSION = YES;
				CLANG_WARN_DEPRECATED_OBJC_IMPLEMENTATIONS = YES;
				CLANG_WARN_DIRECT_OBJC_ISA_USAGE = YES_ERROR;
				CLANG_WARN_DOCUMENTATION_COMMENTS = YES;
				CLANG_WARN_EMPTY_BODY = YES;
				CLANG_WARN_ENUM_CONVERSION = YES;
				CLANG_WARN_INFINITE_RECURSION = YES;
				CLANG_WARN_INT_CONVERSION = YES;
				CLANG_WARN_NON_LITERAL_NULL_CONVERSION = YES;
				CLANG_WARN_OBJC_IMPLICIT_RETAIN_SELF = YES;
				CLANG_WARN_OBJC_LITERAL_CONVERSION = YES;
				CLANG_WARN_OBJC_ROOT_CLASS = YES_ERROR;
				CLANG_WARN_QUOTED_INCLUDE_IN_FRAMEWORK_HEADER = YES;
				CLANG_WARN_RANGE_LOOP_ANALYSIS = YES;
				CLANG_WARN_STRICT_PROTOTYPES = YES;
				CLANG_WARN_SUSPICIOUS_MOVE = YES;
				CLANG_WARN_UNGUARDED_AVAILABILITY = YES_AGGRESSIVE;
				CLANG_WARN_UNREACHABLE_CODE = YES;
				CLANG_WARN__DUPLICATE_METHOD_MATCH = YES;
				COPY_PHASE_STRIP = NO;
				DEBUG_INFORMATION_FORMAT = dwarf;
				ENABLE_STRICT_OBJC_MSGSEND = YES;
				ENABLE_TESTABILITY = YES;
				GCC_C_LANGUAGE_STANDARD = gnu11;
				GCC_DYNAMIC_NO_PIC = NO;
				GCC_NO_COMMON_BLOCKS = YES;
				GCC_OPTIMIZATION_LEVEL = 0;
				GCC_PREPROCESSOR_DEFINITIONS = (
					"DEBUG=1",
					"$(inherited)",
				);
				GCC_WARN_64_TO_32_BIT_CONVERSION = YES;
				GCC_WARN_ABOUT_RETURN_TYPE = YES_ERROR;
				GCC_WARN_UNDECLARED_SELECTOR = YES;
				GCC_WARN_UNINITIALIZED_AUTOS = YES_AGGRESSIVE;
				GCC_WARN_UNUSED_FUNCTION = YES;
				GCC_WARN_UNUSED_VARIABLE = YES;
				IPHONEOS_DEPLOYMENT_TARGET = 14.5;
				MTL_ENABLE_DEBUG_INFO = INCLUDE_SOURCE;
				MTL_FAST_MATH = YES;
				ONLY_ACTIVE_ARCH = YES;
				SDKROOT = iphoneos;
			};
			name = Debug;
		};
		60585F1B2733C3B400AECFEC /* Release */ = {
			isa = XCBuildConfiguration;
			buildSettings = {
				ALWAYS_SEARCH_USER_PATHS = NO;
				CLANG_ANALYZER_NONNULL = YES;
				CLANG_ANALYZER_NUMBER_OBJECT_CONVERSION = YES_AGGRESSIVE;
				CLANG_CXX_LANGUAGE_STANDARD = "gnu++14";
				CLANG_CXX_LIBRARY = "libc++";
				CLANG_ENABLE_MODULES = YES;
				CLANG_ENABLE_OBJC_ARC = YES;
				CLANG_ENABLE_OBJC_WEAK = YES;
				CLANG_WARN_BLOCK_CAPTURE_AUTORELEASING = YES;
				CLANG_WARN_BOOL_CONVERSION = YES;
				CLANG_WARN_COMMA = YES;
				CLANG_WARN_CONSTANT_CONVERSION = YES;
				CLANG_WARN_DEPRECATED_OBJC_IMPLEMENTATIONS = YES;
				CLANG_WARN_DIRECT_OBJC_ISA_USAGE = YES_ERROR;
				CLANG_WARN_DOCUMENTATION_COMMENTS = YES;
				CLANG_WARN_EMPTY_BODY = YES;
				CLANG_WARN_ENUM_CONVERSION = YES;
				CLANG_WARN_INFINITE_RECURSION = YES;
				CLANG_WARN_INT_CONVERSION = YES;
				CLANG_WARN_NON_LITERAL_NULL_CONVERSION = YES;
				CLANG_WARN_OBJC_IMPLICIT_RETAIN_SELF = YES;
				CLANG_WARN_OBJC_LITERAL_CONVERSION = YES;
				CLANG_WARN_OBJC_ROOT_CLASS = YES_ERROR;
				CLANG_WARN_QUOTED_INCLUDE_IN_FRAMEWORK_HEADER = YES;
				CLANG_WARN_RANGE_LOOP_ANALYSIS = YES;
				CLANG_WARN_STRICT_PROTOTYPES = YES;
				CLANG_WARN_SUSPICIOUS_MOVE = YES;
				CLANG_WARN_UNGUARDED_AVAILABILITY = YES_AGGRESSIVE;
				CLANG_WARN_UNREACHABLE_CODE = YES;
				CLANG_WARN__DUPLICATE_METHOD_MATCH = YES;
				COPY_PHASE_STRIP = NO;
				DEBUG_INFORMATION_FORMAT = "dwarf-with-dsym";
				ENABLE_NS_ASSERTIONS = NO;
				ENABLE_STRICT_OBJC_MSGSEND = YES;
				GCC_C_LANGUAGE_STANDARD = gnu11;
				GCC_NO_COMMON_BLOCKS = YES;
				GCC_WARN_64_TO_32_BIT_CONVERSION = YES;
				GCC_WARN_ABOUT_RETURN_TYPE = YES_ERROR;
				GCC_WARN_UNDECLARED_SELECTOR = YES;
				GCC_WARN_UNINITIALIZED_AUTOS = YES_AGGRESSIVE;
				GCC_WARN_UNUSED_FUNCTION = YES;
				GCC_WARN_UNUSED_VARIABLE = YES;
				IPHONEOS_DEPLOYMENT_TARGET = 14.5;
				MTL_ENABLE_DEBUG_INFO = NO;
				MTL_FAST_MATH = YES;
				SDKROOT = iphoneos;
				VALIDATE_PRODUCT = YES;
			};
			name = Release;
		};
		60585F1D2733C3B400AECFEC /* Debug */ = {
			isa = XCBuildConfiguration;
			baseConfigurationReference = 56E1958DA749D2279086F816 /* Pods-TestDemo.debug.xcconfig */;
			buildSettings = {
				ASSETCATALOG_COMPILER_APPICON_NAME = AppIcon;
				ASSETCATALOG_COMPILER_GLOBAL_ACCENT_COLOR_NAME = AccentColor;
				CODE_SIGN_STYLE = Automatic;
				GCC_PRECOMPILE_PREFIX_HEADER = YES;
				GCC_PREFIX_HEADER = "TestDemo/TestDemo-Prefix.pch";
				INFOPLIST_FILE = TestDemo/Info.plist;
				LD_RUNPATH_SEARCH_PATHS = (
					"$(inherited)",
					"@executable_path/Frameworks",
				);
				PRODUCT_BUNDLE_IDENTIFIER = com.icss.mobile;
				PRODUCT_NAME = "$(TARGET_NAME)";
				TARGETED_DEVICE_FAMILY = "1,2";
			};
			name = Debug;
		};
		60585F1E2733C3B400AECFEC /* Release */ = {
			isa = XCBuildConfiguration;
			baseConfigurationReference = 03B47077384EEF87EEE4E98C /* Pods-TestDemo.release.xcconfig */;
			buildSettings = {
				ASSETCATALOG_COMPILER_APPICON_NAME = AppIcon;
				ASSETCATALOG_COMPILER_GLOBAL_ACCENT_COLOR_NAME = AccentColor;
				CODE_SIGN_STYLE = Automatic;
				GCC_PRECOMPILE_PREFIX_HEADER = YES;
				GCC_PREFIX_HEADER = "TestDemo/TestDemo-Prefix.pch";
				INFOPLIST_FILE = TestDemo/Info.plist;
				LD_RUNPATH_SEARCH_PATHS = (
					"$(inherited)",
					"@executable_path/Frameworks",
				);
				PRODUCT_BUNDLE_IDENTIFIER = com.icss.mobile;
				PRODUCT_NAME = "$(TARGET_NAME)";
				TARGETED_DEVICE_FAMILY = "1,2";
			};
			name = Release;
		};
		60585F202733C3B400AECFEC /* Debug */ = {
			isa = XCBuildConfiguration;
			buildSettings = {
				BUNDLE_LOADER = "$(TEST_HOST)";
				CODE_SIGN_STYLE = Automatic;
				INFOPLIST_FILE = TestDemoTests/Info.plist;
				IPHONEOS_DEPLOYMENT_TARGET = 14.5;
				LD_RUNPATH_SEARCH_PATHS = (
					"$(inherited)",
					"@executable_path/Frameworks",
					"@loader_path/Frameworks",
				);
				PRODUCT_BUNDLE_IDENTIFIER = com.icss.mobile.TestDemoTests;
				PRODUCT_NAME = "$(TARGET_NAME)";
				TARGETED_DEVICE_FAMILY = "1,2";
				TEST_HOST = "$(BUILT_PRODUCTS_DIR)/TestDemo.app/TestDemo";
			};
			name = Debug;
		};
		60585F212733C3B400AECFEC /* Release */ = {
			isa = XCBuildConfiguration;
			buildSettings = {
				BUNDLE_LOADER = "$(TEST_HOST)";
				CODE_SIGN_STYLE = Automatic;
				INFOPLIST_FILE = TestDemoTests/Info.plist;
				IPHONEOS_DEPLOYMENT_TARGET = 14.5;
				LD_RUNPATH_SEARCH_PATHS = (
					"$(inherited)",
					"@executable_path/Frameworks",
					"@loader_path/Frameworks",
				);
				PRODUCT_BUNDLE_IDENTIFIER = com.icss.mobile.TestDemoTests;
				PRODUCT_NAME = "$(TARGET_NAME)";
				TARGETED_DEVICE_FAMILY = "1,2";
				TEST_HOST = "$(BUILT_PRODUCTS_DIR)/TestDemo.app/TestDemo";
			};
			name = Release;
		};
		60585F232733C3B400AECFEC /* Debug */ = {
			isa = XCBuildConfiguration;
			buildSettings = {
				CODE_SIGN_STYLE = Automatic;
				INFOPLIST_FILE = TestDemoUITests/Info.plist;
				LD_RUNPATH_SEARCH_PATHS = (
					"$(inherited)",
					"@executable_path/Frameworks",
					"@loader_path/Frameworks",
				);
				PRODUCT_BUNDLE_IDENTIFIER = com.icss.mobile.TestDemoUITests;
				PRODUCT_NAME = "$(TARGET_NAME)";
				TARGETED_DEVICE_FAMILY = "1,2";
				TEST_TARGET_NAME = TestDemo;
			};
			name = Debug;
		};
		60585F242733C3B400AECFEC /* Release */ = {
			isa = XCBuildConfiguration;
			buildSettings = {
				CODE_SIGN_STYLE = Automatic;
				INFOPLIST_FILE = TestDemoUITests/Info.plist;
				LD_RUNPATH_SEARCH_PATHS = (
					"$(inherited)",
					"@executable_path/Frameworks",
					"@loader_path/Frameworks",
				);
				PRODUCT_BUNDLE_IDENTIFIER = com.icss.mobile.TestDemoUITests;
				PRODUCT_NAME = "$(TARGET_NAME)";
				TARGETED_DEVICE_FAMILY = "1,2";
				TEST_TARGET_NAME = TestDemo;
			};
			name = Release;
		};
/* End XCBuildConfiguration section */

/* Begin XCConfigurationList section */
		60585EE82733C3AB00AECFEC /* Build configuration list for PBXProject "TestDemo" */ = {
			isa = XCConfigurationList;
			buildConfigurations = (
				60585F1A2733C3B400AECFEC /* Debug */,
				60585F1B2733C3B400AECFEC /* Release */,
			);
			defaultConfigurationIsVisible = 0;
			defaultConfigurationName = Release;
		};
		60585F1C2733C3B400AECFEC /* Build configuration list for PBXNativeTarget "TestDemo" */ = {
			isa = XCConfigurationList;
			buildConfigurations = (
				60585F1D2733C3B400AECFEC /* Debug */,
				60585F1E2733C3B400AECFEC /* Release */,
			);
			defaultConfigurationIsVisible = 0;
			defaultConfigurationName = Release;
		};
		60585F1F2733C3B400AECFEC /* Build configuration list for PBXNativeTarget "TestDemoTests" */ = {
			isa = XCConfigurationList;
			buildConfigurations = (
				60585F202733C3B400AECFEC /* Debug */,
				60585F212733C3B400AECFEC /* Release */,
			);
			defaultConfigurationIsVisible = 0;
			defaultConfigurationName = Release;
		};
		60585F222733C3B400AECFEC /* Build configuration list for PBXNativeTarget "TestDemoUITests" */ = {
			isa = XCConfigurationList;
			buildConfigurations = (
				60585F232733C3B400AECFEC /* Debug */,
				60585F242733C3B400AECFEC /* Release */,
			);
			defaultConfigurationIsVisible = 0;
			defaultConfigurationName = Release;
		};
/* End XCConfigurationList section */
	};
	rootObject = 60585EE52733C3AB00AECFEC /* Project object */;
}
